{
  "lockfileVersion": 1,
  "workspaces": {
    "": {
      "name": "task-tracker",
      "devDependencies": {
        "@biomejs/biome": "1.9.4",
        "@types/bun": "1.1.17",
        "lefthook": "1.10.9",
      },
      "peerDependencies": {
        "typescript": "5.0.0",
      },
    },
  },
  "trustedDependencies": [
    "@biomejs/biome",
    "lefthook",
  ],
  "packages": {
    "@biomejs/biome": ["@biomejs/biome@1.9.4", "", { "optionalDependencies": { "@biomejs/cli-darwin-arm64": "1.9.4", "@biomejs/cli-darwin-x64": "1.9.4", "@biomejs/cli-linux-arm64": "1.9.4", "@biomejs/cli-linux-arm64-musl": "1.9.4", "@biomejs/cli-linux-x64": "1.9.4", "@biomejs/cli-linux-x64-musl": "1.9.4", "@biomejs/cli-win32-arm64": "1.9.4", "@biomejs/cli-win32-x64": "1.9.4" }, "bin": { "biome": "bin/biome" } }, "sha512-1rkd7G70+o9KkTn5KLmDYXihGoTaIGO9PIIN2ZB7UJxFrWw04CZHPYiMRjYsaDvVV7hP1dYNRLxSANLaBFGpog=="],

    "@biomejs/cli-darwin-arm64": ["@biomejs/cli-darwin-arm64@1.9.4", "", { "os": "darwin", "cpu": "arm64" }, "sha512-bFBsPWrNvkdKrNCYeAp+xo2HecOGPAy9WyNyB/jKnnedgzl4W4Hb9ZMzYNbf8dMCGmUdSavlYHiR01QaYR58cw=="],

    "@biomejs/cli-darwin-x64": ["@biomejs/cli-darwin-x64@1.9.4", "", { "os": "darwin", "cpu": "x64" }, "sha512-ngYBh/+bEedqkSevPVhLP4QfVPCpb+4BBe2p7Xs32dBgs7rh9nY2AIYUL6BgLw1JVXV8GlpKmb/hNiuIxfPfZg=="],

    "@biomejs/cli-linux-arm64": ["@biomejs/cli-linux-arm64@1.9.4", "", { "os": "linux", "cpu": "arm64" }, "sha512-fJIW0+LYujdjUgJJuwesP4EjIBl/N/TcOX3IvIHJQNsAqvV2CHIogsmA94BPG6jZATS4Hi+xv4SkBBQSt1N4/g=="],

    "@biomejs/cli-linux-arm64-musl": ["@biomejs/cli-linux-arm64-musl@1.9.4", "", { "os": "linux", "cpu": "arm64" }, "sha512-v665Ct9WCRjGa8+kTr0CzApU0+XXtRgwmzIf1SeKSGAv+2scAlW6JR5PMFo6FzqqZ64Po79cKODKf3/AAmECqA=="],

    "@biomejs/cli-linux-x64": ["@biomejs/cli-linux-x64@1.9.4", "", { "os": "linux", "cpu": "x64" }, "sha512-lRCJv/Vi3Vlwmbd6K+oQ0KhLHMAysN8lXoCI7XeHlxaajk06u7G+UsFSO01NAs5iYuWKmVZjmiOzJ0OJmGsMwg=="],

    "@biomejs/cli-linux-x64-musl": ["@biomejs/cli-linux-x64-musl@1.9.4", "", { "os": "linux", "cpu": "x64" }, "sha512-gEhi/jSBhZ2m6wjV530Yy8+fNqG8PAinM3oV7CyO+6c3CEh16Eizm21uHVsyVBEB6RIM8JHIl6AGYCv6Q6Q9Tg=="],

    "@biomejs/cli-win32-arm64": ["@biomejs/cli-win32-arm64@1.9.4", "", { "os": "win32", "cpu": "arm64" }, "sha512-tlbhLk+WXZmgwoIKwHIHEBZUwxml7bRJgk0X2sPyNR3S93cdRq6XulAZRQJ17FYGGzWne0fgrXBKpl7l4M87Hg=="],

    "@biomejs/cli-win32-x64": ["@biomejs/cli-win32-x64@1.9.4", "", { "os": "win32", "cpu": "x64" }, "sha512-8Y5wMhVIPaWe6jw2H+KlEm4wP/f7EW3810ZLmDlrEEy5KvBsb9ECEfu/kMWD484ijfQ8+nIi0giMgu9g1UAuuA=="],

    "@types/bun": ["@types/bun@1.1.17", "", { "dependencies": { "bun-types": "1.1.44" } }, "sha512-zZt0Kao/8hAwNOXh4bmt8nKbMEd4QD8n7PeTGF+NZTVY5ouXhU/TX7jUj4He1p7mgY+WdplnU1B6MB1j17vdzg=="],

    "@types/node": ["@types/node@20.12.14", "", { "dependencies": { "undici-types": "~5.26.4" } }, "sha512-scnD59RpYD91xngrQQLGkE+6UrHUPzeKZWhhjBSa3HSkwjbQc38+q3RoIVEwxQGRw3M+j5hpNAM+lgV3cVormg=="],

    "@types/ws": ["@types/ws@8.5.13", "", { "dependencies": { "@types/node": "*" } }, "sha512-osM/gWBTPKgHV8XkTunnegTRIsvF6owmf5w+JtAfOw472dptdm0dlGv4xCt6GwQRcC2XVOvvRE/0bAoQcL2QkA=="],

    "bun-types": ["bun-types@1.1.44", "", { "dependencies": { "@types/node": "~20.12.8", "@types/ws": "~8.5.10" } }, "sha512-jtcekoZeSINgEcHSISzhR13w/cyE+Fankw2Cpl4c0fN3lRmKVAX0i9ay4FyK4lOxUK1HG4HkuIlrPvXKz4Y7sw=="],

    "lefthook": ["lefthook@1.10.9", "", { "optionalDependencies": { "lefthook-darwin-arm64": "1.10.9", "lefthook-darwin-x64": "1.10.9", "lefthook-freebsd-arm64": "1.10.9", "lefthook-freebsd-x64": "1.10.9", "lefthook-linux-arm64": "1.10.9", "lefthook-linux-x64": "1.10.9", "lefthook-openbsd-arm64": "1.10.9", "lefthook-openbsd-x64": "1.10.9", "lefthook-windows-arm64": "1.10.9", "lefthook-windows-x64": "1.10.9" }, "bin": { "lefthook": "bin/index.js" } }, "sha512-UNgvdOMxINultvtDQ0XgqMomMIeI2dyJM5hgOaqpC47SJvVPOy1Mk5i7QnFtfDK/bdB2pKaA61KxrIx6rCmL/w=="],

    "lefthook-darwin-arm64": ["lefthook-darwin-arm64@1.10.9", "", { "os": "darwin", "cpu": "arm64" }, "sha512-2ceuIUkwTcTncaYH/Y2bw2m3kuNkd+vqaJXQuSh0DAa0TRS9HmEQEV0CtLUlTp5tLg6PPHdTHnu2AhKAjfHhyw=="],

    "lefthook-darwin-x64": ["lefthook-darwin-x64@1.10.9", "", { "os": "darwin", "cpu": "x64" }, "sha512-eAUbFtEj5TtYsm533uvQQSJTc8SLhgGRyRCUa+hmFtKQROaiw2buqc5ZOTBuegC8iAl7cHT1ydN2oakE+FLfVg=="],

    "lefthook-freebsd-arm64": ["lefthook-freebsd-arm64@1.10.9", "", { "os": "freebsd", "cpu": "arm64" }, "sha512-A6ZFPg/9eXgs75SojFeZfMMfMgqB0fgVdtOl0mxrQXXqxTxFWD5wCGPPJIc/Pbzaaz66ZOYZt/36+MyMdgjWJQ=="],

    "lefthook-freebsd-x64": ["lefthook-freebsd-x64@1.10.9", "", { "os": "freebsd", "cpu": "x64" }, "sha512-PF3Jjm9JHFnY41yM9wljK0y8xE/sx/sRNtNZWJzlOqC5YFUrNNBejPz5kU40mpBWd8yOclXxqBOeeZqDH64+dQ=="],

    "lefthook-linux-arm64": ["lefthook-linux-arm64@1.10.9", "", { "os": "linux", "cpu": "arm64" }, "sha512-Es4y3cxUtSBAF9nPkDXWC7+/tScPeRu3GVeeupv3+iMZkVACfM1DCIrK4iG9Syh7y2TLWAj6ThFArqeiRjFeog=="],

    "lefthook-linux-x64": ["lefthook-linux-x64@1.10.9", "", { "os": "linux", "cpu": "x64" }, "sha512-OSlcltu2MRrLY1bWwqm4MvNOvTskUonmzTR8Bu7dy8O+80YPjPSnowLeYzfxXd8RI1w2nkwL3XKVuoDiJ3nVUw=="],

    "lefthook-openbsd-arm64": ["lefthook-openbsd-arm64@1.10.9", "", { "os": "openbsd", "cpu": "arm64" }, "sha512-wmdWGRmTK8ii4KAvAj5AhTK0EWh65vdcBt1ndsd7qXG08cStevCpsZ/cOLDVWBjjaqYkVpVsYkJNf5dwuXp21w=="],

    "lefthook-openbsd-x64": ["lefthook-openbsd-x64@1.10.9", "", { "os": "openbsd", "cpu": "x64" }, "sha512-LLkPdy2+TIdCOGReqsODo46SmQpBjPB00gRftA1doA6ZaPzqk87moGrOmlsaLx1SkYKxctBYZc9j9MxCo2GVCg=="],

    "lefthook-windows-arm64": ["lefthook-windows-arm64@1.10.9", "", { "os": "win32", "cpu": "arm64" }, "sha512-Q9e3pbDjQyguXW810M1lerpcpKkeDYOTuISn86IIiKxPAawDY7JqUGWcyFsmoED/S3RJBrUp53VM3xg/dkrMzw=="],

    "lefthook-windows-x64": ["lefthook-windows-x64@1.10.9", "", { "os": "win32", "cpu": "x64" }, "sha512-OywJknU5sZiD45ZWoqWbl9GkKoOd2jrdyjuH+jSf5KQn9HnN2Cp4KuVuDOc7MdI0MIN2BYb+Mf8MgmxMWCWt5w=="],

    "typescript": ["typescript@5.7.3", "", { "bin": { "tsc": "bin/tsc", "tsserver": "bin/tsserver" } }, "sha512-84MVSjMEHP+FQRPy3pX9sTVV/INIex71s9TL2Gm5FG/WG1SqXeKyZ0k7/blY/4FdOzI12CBy1vGc4og/eus0fw=="],

    "undici-types": ["undici-types@5.26.5", "", {}, "sha512-JlCMO+ehdEIKqlFxk6IfVoAUVmgz7cU7zD/h9XZ0qzeosSHmUJVOzSQvvYSYWXkFXC+IfLKSIffhv0sVZup6pA=="],
  }
}
